
Microsoft Visual Studio Solution File, Format Version 12.00
# Visual Studio 14
VisualStudioVersion = 14.0.23107.0
MinimumVisualStudioVersion = 10.0.40219.1
Project("{FAE04EC0-301F-11D3-BF4B-00C04F79EFBC}") = "PublicComics.Domain", "PublicComics.Domain\PublicComics.Domain.csproj", "{4B81C323-3783-4FCD-887E-9AF45738C3FB}"
EndProject
Project("{FAE04EC0-301F-11D3-BF4B-00C04F79EFBC}") = "PublicComics.Web", "PublicComics.Web\PublicComics.Web.csproj", "{F961168C-4A64-48F5-AA50-FE43DABD4922}"
EndProject
Project("{FAE04EC0-301F-11D3-BF4B-00C04F79EFBC}") = "PublicComics.Web.Tests", "PublicComics.Web.Tests\PublicComics.Web.Tests.csproj", "{FDA09148-9AEE-4B0E-9B7C-18F0FB8314E9}"
EndProject
Project("{2150E333-8FDC-42A3-9474-1A3956D46DE8}") = "Solution Items", "Solution Items", "{F8D4586D-161A-4016-ADC8-52A55E0EAFF7}"
	ProjectSection(SolutionItems) = preProject
		schema_design.xml = schema_design.xml
	EndProjectSection
EndProject
Global
	GlobalSection(SolutionConfigurationPlatforms) = preSolution
		Debug|Any CPU = Debug|Any CPU
		Release|Any CPU = Release|Any CPU
	EndGlobalSection
	GlobalSection(ProjectConfigurationPlatforms) = postSolution
		{4B81C323-3783-4FCD-887E-9AF45738C3FB}.Debug|Any CPU.ActiveCfg = Debug|Any CPU
		{4B81C323-3783-4FCD-887E-9AF45738C3FB}.Debug|Any CPU.Build.0 = Debug|Any CPU
		{4B81C323-3783-4FCD-887E-9AF45738C3FB}.Release|Any CPU.ActiveCfg = Release|Any CPU
		{4B81C323-3783-4FCD-887E-9AF45738C3FB}.Release|Any CPU.Build.0 = Release|Any CPU
		{F961168C-4A64-48F5-AA50-FE43DABD4922}.Debug|Any CPU.ActiveCfg = Debug|Any CPU
		{F961168C-4A64-48F5-AA50-FE43DABD4922}.Debug|Any CPU.Build.0 = Debug|Any CPU
		{F961168C-4A64-48F5-AA50-FE43DABD4922}.Release|Any CPU.ActiveCfg = Release|Any CPU
		{F961168C-4A64-48F5-AA50-FE43DABD4922}.Release|Any CPU.Build.0 = Release|Any CPU
		{FDA09148-9AEE-4B0E-9B7C-18F0FB8314E9}.Debug|Any CPU.ActiveCfg = Debug|Any CPU
		{FDA09148-9AEE-4B0E-9B7C-18F0FB8314E9}.Debug|Any CPU.Build.0 = Debug|Any CPU
		{FDA09148-9AEE-4B0E-9B7C-18F0FB8314E9}.Release|Any CPU.ActiveCfg = Release|Any CPU
		{FDA09148-9AEE-4B0E-9B7C-18F0FB8314E9}.Release|Any CPU.Build.0 = Release|Any CPU
	EndGlobalSection
	GlobalSection(SolutionProperties) = preSolution
		HideSolutionNode = FALSE
	EndGlobalSection
EndGlobal
